
Microsoft Visual Studio Solution File, Format Version 12.00
# Visual Studio Version 17
VisualStudioVersion = 17.9.34622.214
MinimumVisualStudioVersion = 10.0.40219.1
Project("{9A19103F-16F7-4668-BE54-9A1E7A4F7556}") = "Logic", "Logic\Logic.csproj", "{426D7DAE-87AE-4F4A-9846-CE39A630A75D}"
EndProject
Project("{9A19103F-16F7-4668-BE54-9A1E7A4F7556}") = "Data", "Dane\Data.csproj", "{6AF8B9AF-651D-4E9C-B13F-7FC574CC13D6}"
EndProject
Project("{9A19103F-16F7-4668-BE54-9A1E7A4F7556}") = "DataTest", "Tests\DataTest\DataTest.csproj", "{B6643F92-C279-40B6-BDA9-0C32DCA300F6}"
EndProject
Project("{9A19103F-16F7-4668-BE54-9A1E7A4F7556}") = "LogicTest", "Tests\LogicTest\LogicTest.csproj", "{E93C2AB6-75E2-4A06-86C6-05EE7346FF2F}"
EndProject
Project("{9A19103F-16F7-4668-BE54-9A1E7A4F7556}") = "PresentationModel", "PresentationModel\PresentationModel.csproj", "{82D82E33-8E2D-4322-A82E-4714999166DA}"
EndProject
Project("{9A19103F-16F7-4668-BE54-9A1E7A4F7556}") = "PresentationView", "PresentationView\PresentationView.csproj", "{D4924D98-C92E-4590-BB0E-1BA73F82B208}"
EndProject
Project("{9A19103F-16F7-4668-BE54-9A1E7A4F7556}") = "PresentationViewModel", "PresentationViewModel\PresentationViewModel.csproj", "{BFCD29C9-A035-415B-A186-B49A63AE288C}"
EndProject
Global
	GlobalSection(SolutionConfigurationPlatforms) = preSolution
		Debug|Any CPU = Debug|Any CPU
		Debug|ARM = Debug|ARM
		Debug|ARM64 = Debug|ARM64
		Debug|x64 = Debug|x64
		Debug|x86 = Debug|x86
		Release|Any CPU = Release|Any CPU
		Release|ARM = Release|ARM
		Release|ARM64 = Release|ARM64
		Release|x64 = Release|x64
		Release|x86 = Release|x86
	EndGlobalSection
	GlobalSection(ProjectConfigurationPlatforms) = postSolution
		{426D7DAE-87AE-4F4A-9846-CE39A630A75D}.Debug|Any CPU.ActiveCfg = Debug|Any CPU
		{426D7DAE-87AE-4F4A-9846-CE39A630A75D}.Debug|Any CPU.Build.0 = Debug|Any CPU
		{426D7DAE-87AE-4F4A-9846-CE39A630A75D}.Debug|ARM.ActiveCfg = Debug|Any CPU
		{426D7DAE-87AE-4F4A-9846-CE39A630A75D}.Debug|ARM.Build.0 = Debug|Any CPU
		{426D7DAE-87AE-4F4A-9846-CE39A630A75D}.Debug|ARM64.ActiveCfg = Debug|Any CPU
		{426D7DAE-87AE-4F4A-9846-CE39A630A75D}.Debug|ARM64.Build.0 = Debug|Any CPU
		{426D7DAE-87AE-4F4A-9846-CE39A630A75D}.Debug|x64.ActiveCfg = Debug|Any CPU
		{426D7DAE-87AE-4F4A-9846-CE39A630A75D}.Debug|x64.Build.0 = Debug|Any CPU
		{426D7DAE-87AE-4F4A-9846-CE39A630A75D}.Debug|x86.ActiveCfg = Debug|Any CPU
		{426D7DAE-87AE-4F4A-9846-CE39A630A75D}.Debug|x86.Build.0 = Debug|Any CPU
		{426D7DAE-87AE-4F4A-9846-CE39A630A75D}.Release|Any CPU.ActiveCfg = Release|Any CPU
		{426D7DAE-87AE-4F4A-9846-CE39A630A75D}.Release|Any CPU.Build.0 = Release|Any CPU
		{426D7DAE-87AE-4F4A-9846-CE39A630A75D}.Release|ARM.ActiveCfg = Release|Any CPU
		{426D7DAE-87AE-4F4A-9846-CE39A630A75D}.Release|ARM.Build.0 = Release|Any CPU
		{426D7DAE-87AE-4F4A-9846-CE39A630A75D}.Release|ARM64.ActiveCfg = Release|Any CPU
		{426D7DAE-87AE-4F4A-9846-CE39A630A75D}.Release|ARM64.Build.0 = Release|Any CPU
		{426D7DAE-87AE-4F4A-9846-CE39A630A75D}.Release|x64.ActiveCfg = Release|Any CPU
		{426D7DAE-87AE-4F4A-9846-CE39A630A75D}.Release|x64.Build.0 = Release|Any CPU
		{426D7DAE-87AE-4F4A-9846-CE39A630A75D}.Release|x86.ActiveCfg = Release|Any CPU
		{426D7DAE-87AE-4F4A-9846-CE39A630A75D}.Release|x86.Build.0 = Release|Any CPU
		{6AF8B9AF-651D-4E9C-B13F-7FC574CC13D6}.Debug|Any CPU.ActiveCfg = Debug|Any CPU
		{6AF8B9AF-651D-4E9C-B13F-7FC574CC13D6}.Debug|Any CPU.Build.0 = Debug|Any CPU
		{6AF8B9AF-651D-4E9C-B13F-7FC574CC13D6}.Debug|ARM.ActiveCfg = Debug|Any CPU
		{6AF8B9AF-651D-4E9C-B13F-7FC574CC13D6}.Debug|ARM.Build.0 = Debug|Any CPU
		{6AF8B9AF-651D-4E9C-B13F-7FC574CC13D6}.Debug|ARM64.ActiveCfg = Debug|Any CPU
		{6AF8B9AF-651D-4E9C-B13F-7FC574CC13D6}.Debug|ARM64.Build.0 = Debug|Any CPU
		{6AF8B9AF-651D-4E9C-B13F-7FC574CC13D6}.Debug|x64.ActiveCfg = Debug|Any CPU
		{6AF8B9AF-651D-4E9C-B13F-7FC574CC13D6}.Debug|x64.Build.0 = Debug|Any CPU
		{6AF8B9AF-651D-4E9C-B13F-7FC574CC13D6}.Debug|x86.ActiveCfg = Debug|Any CPU
		{6AF8B9AF-651D-4E9C-B13F-7FC574CC13D6}.Debug|x86.Build.0 = Debug|Any CPU
		{6AF8B9AF-651D-4E9C-B13F-7FC574CC13D6}.Release|Any CPU.ActiveCfg = Release|Any CPU
		{6AF8B9AF-651D-4E9C-B13F-7FC574CC13D6}.Release|Any CPU.Build.0 = Release|Any CPU
		{6AF8B9AF-651D-4E9C-B13F-7FC574CC13D6}.Release|ARM.ActiveCfg = Release|Any CPU
		{6AF8B9AF-651D-4E9C-B13F-7FC574CC13D6}.Release|ARM.Build.0 = Release|Any CPU
		{6AF8B9AF-651D-4E9C-B13F-7FC574CC13D6}.Release|ARM64.ActiveCfg = Release|Any CPU
		{6AF8B9AF-651D-4E9C-B13F-7FC574CC13D6}.Release|ARM64.Build.0 = Release|Any CPU
		{6AF8B9AF-651D-4E9C-B13F-7FC574CC13D6}.Release|x64.ActiveCfg = Release|Any CPU
		{6AF8B9AF-651D-4E9C-B13F-7FC574CC13D6}.Release|x64.Build.0 = Release|Any CPU
		{6AF8B9AF-651D-4E9C-B13F-7FC574CC13D6}.Release|x86.ActiveCfg = Release|Any CPU
		{6AF8B9AF-651D-4E9C-B13F-7FC574CC13D6}.Release|x86.Build.0 = Release|Any CPU
		{B6643F92-C279-40B6-BDA9-0C32DCA300F6}.Debug|Any CPU.ActiveCfg = Debug|Any CPU
		{B6643F92-C279-40B6-BDA9-0C32DCA300F6}.Debug|Any CPU.Build.0 = Debug|Any CPU
		{B6643F92-C279-40B6-BDA9-0C32DCA300F6}.Debug|ARM.ActiveCfg = Debug|Any CPU
		{B6643F92-C279-40B6-BDA9-0C32DCA300F6}.Debug|ARM.Build.0 = Debug|Any CPU
		{B6643F92-C279-40B6-BDA9-0C32DCA300F6}.Debug|ARM64.ActiveCfg = Debug|Any CPU
		{B6643F92-C279-40B6-BDA9-0C32DCA300F6}.Debug|ARM64.Build.0 = Debug|Any CPU
		{B6643F92-C279-40B6-BDA9-0C32DCA300F6}.Debug|x64.ActiveCfg = Debug|Any CPU
		{B6643F92-C279-40B6-BDA9-0C32DCA300F6}.Debug|x64.Build.0 = Debug|Any CPU
		{B6643F92-C279-40B6-BDA9-0C32DCA300F6}.Debug|x86.ActiveCfg = Debug|Any CPU
		{B6643F92-C279-40B6-BDA9-0C32DCA300F6}.Debug|x86.Build.0 = Debug|Any CPU
		{B6643F92-C279-40B6-BDA9-0C32DCA300F6}.Release|Any CPU.ActiveCfg = Release|Any CPU
		{B6643F92-C279-40B6-BDA9-0C32DCA300F6}.Release|Any CPU.Build.0 = Release|Any CPU
		{B6643F92-C279-40B6-BDA9-0C32DCA300F6}.Release|ARM.ActiveCfg = Release|Any CPU
		{B6643F92-C279-40B6-BDA9-0C32DCA300F6}.Release|ARM.Build.0 = Release|Any CPU
		{B6643F92-C279-40B6-BDA9-0C32DCA300F6}.Release|ARM64.ActiveCfg = Release|Any CPU
		{B6643F92-C279-40B6-BDA9-0C32DCA300F6}.Release|ARM64.Build.0 = Release|Any CPU
		{B6643F92-C279-40B6-BDA9-0C32DCA300F6}.Release|x64.ActiveCfg = Release|Any CPU
		{B6643F92-C279-40B6-BDA9-0C32DCA300F6}.Release|x64.Build.0 = Release|Any CPU
		{B6643F92-C279-40B6-BDA9-0C32DCA300F6}.Release|x86.ActiveCfg = Release|Any CPU
		{B6643F92-C279-40B6-BDA9-0C32DCA300F6}.Release|x86.Build.0 = Release|Any CPU
		{E93C2AB6-75E2-4A06-86C6-05EE7346FF2F}.Debug|Any CPU.ActiveCfg = Debug|Any CPU
		{E93C2AB6-75E2-4A06-86C6-05EE7346FF2F}.Debug|Any CPU.Build.0 = Debug|Any CPU
		{E93C2AB6-75E2-4A06-86C6-05EE7346FF2F}.Debug|ARM.ActiveCfg = Debug|Any CPU
		{E93C2AB6-75E2-4A06-86C6-05EE7346FF2F}.Debug|ARM.Build.0 = Debug|Any CPU
		{E93C2AB6-75E2-4A06-86C6-05EE7346FF2F}.Debug|ARM64.ActiveCfg = Debug|Any CPU
		{E93C2AB6-75E2-4A06-86C6-05EE7346FF2F}.Debug|ARM64.Build.0 = Debug|Any CPU
		{E93C2AB6-75E2-4A06-86C6-05EE7346FF2F}.Debug|x64.ActiveCfg = Debug|Any CPU
		{E93C2AB6-75E2-4A06-86C6-05EE7346FF2F}.Debug|x64.Build.0 = Debug|Any CPU
		{E93C2AB6-75E2-4A06-86C6-05EE7346FF2F}.Debug|x86.ActiveCfg = Debug|Any CPU
		{E93C2AB6-75E2-4A06-86C6-05EE7346FF2F}.Debug|x86.Build.0 = Debug|Any CPU
		{E93C2AB6-75E2-4A06-86C6-05EE7346FF2F}.Release|Any CPU.ActiveCfg = Release|Any CPU
		{E93C2AB6-75E2-4A06-86C6-05EE7346FF2F}.Release|Any CPU.Build.0 = Release|Any CPU
		{E93C2AB6-75E2-4A06-86C6-05EE7346FF2F}.Release|ARM.ActiveCfg = Release|Any CPU
		{E93C2AB6-75E2-4A06-86C6-05EE7346FF2F}.Release|ARM.Build.0 = Release|Any CPU
		{E93C2AB6-75E2-4A06-86C6-05EE7346FF2F}.Release|ARM64.ActiveCfg = Release|Any CPU
		{E93C2AB6-75E2-4A06-86C6-05EE7346FF2F}.Release|ARM64.Build.0 = Release|Any CPU
		{E93C2AB6-75E2-4A06-86C6-05EE7346FF2F}.Release|x64.ActiveCfg = Release|Any CPU
		{E93C2AB6-75E2-4A06-86C6-05EE7346FF2F}.Release|x64.Build.0 = Release|Any CPU
		{E93C2AB6-75E2-4A06-86C6-05EE7346FF2F}.Release|x86.ActiveCfg = Release|Any CPU
		{E93C2AB6-75E2-4A06-86C6-05EE7346FF2F}.Release|x86.Build.0 = Release|Any CPU
		{82D82E33-8E2D-4322-A82E-4714999166DA}.Debug|Any CPU.ActiveCfg = Debug|Any CPU
		{82D82E33-8E2D-4322-A82E-4714999166DA}.Debug|Any CPU.Build.0 = Debug|Any CPU
		{82D82E33-8E2D-4322-A82E-4714999166DA}.Debug|ARM.ActiveCfg = Debug|Any CPU
		{82D82E33-8E2D-4322-A82E-4714999166DA}.Debug|ARM.Build.0 = Debug|Any CPU
		{82D82E33-8E2D-4322-A82E-4714999166DA}.Debug|ARM64.ActiveCfg = Debug|Any CPU
		{82D82E33-8E2D-4322-A82E-4714999166DA}.Debug|ARM64.Build.0 = Debug|Any CPU
		{82D82E33-8E2D-4322-A82E-4714999166DA}.Debug|x64.ActiveCfg = Debug|Any CPU
		{82D82E33-8E2D-4322-A82E-4714999166DA}.Debug|x64.Build.0 = Debug|Any CPU
		{82D82E33-8E2D-4322-A82E-4714999166DA}.Debug|x86.ActiveCfg = Debug|Any CPU
		{82D82E33-8E2D-4322-A82E-4714999166DA}.Debug|x86.Build.0 = Debug|Any CPU
		{82D82E33-8E2D-4322-A82E-4714999166DA}.Release|Any CPU.ActiveCfg = Release|Any CPU
		{82D82E33-8E2D-4322-A82E-4714999166DA}.Release|Any CPU.Build.0 = Release|Any CPU
		{82D82E33-8E2D-4322-A82E-4714999166DA}.Release|ARM.ActiveCfg = Release|Any CPU
		{82D82E33-8E2D-4322-A82E-4714999166DA}.Release|ARM.Build.0 = Release|Any CPU
		{82D82E33-8E2D-4322-A82E-4714999166DA}.Release|ARM64.ActiveCfg = Release|Any CPU
		{82D82E33-8E2D-4322-A82E-4714999166DA}.Release|ARM64.Build.0 = Release|Any CPU
		{82D82E33-8E2D-4322-A82E-4714999166DA}.Release|x64.ActiveCfg = Release|Any CPU
		{82D82E33-8E2D-4322-A82E-4714999166DA}.Release|x64.Build.0 = Release|Any CPU
		{82D82E33-8E2D-4322-A82E-4714999166DA}.Release|x86.ActiveCfg = Release|Any CPU
		{82D82E33-8E2D-4322-A82E-4714999166DA}.Release|x86.Build.0 = Release|Any CPU
		{D4924D98-C92E-4590-BB0E-1BA73F82B208}.Debug|Any CPU.ActiveCfg = Debug|Any CPU
		{D4924D98-C92E-4590-BB0E-1BA73F82B208}.Debug|Any CPU.Build.0 = Debug|Any CPU
		{D4924D98-C92E-4590-BB0E-1BA73F82B208}.Debug|ARM.ActiveCfg = Debug|Any CPU
		{D4924D98-C92E-4590-BB0E-1BA73F82B208}.Debug|ARM.Build.0 = Debug|Any CPU
		{D4924D98-C92E-4590-BB0E-1BA73F82B208}.Debug|ARM64.ActiveCfg = Debug|Any CPU
		{D4924D98-C92E-4590-BB0E-1BA73F82B208}.Debug|ARM64.Build.0 = Debug|Any CPU
		{D4924D98-C92E-4590-BB0E-1BA73F82B208}.Debug|x64.ActiveCfg = Debug|Any CPU
		{D4924D98-C92E-4590-BB0E-1BA73F82B208}.Debug|x64.Build.0 = Debug|Any CPU
		{D4924D98-C92E-4590-BB0E-1BA73F82B208}.Debug|x86.ActiveCfg = Debug|Any CPU
		{D4924D98-C92E-4590-BB0E-1BA73F82B208}.Debug|x86.Build.0 = Debug|Any CPU
		{D4924D98-C92E-4590-BB0E-1BA73F82B208}.Release|Any CPU.ActiveCfg = Release|Any CPU
		{D4924D98-C92E-4590-BB0E-1BA73F82B208}.Release|Any CPU.Build.0 = Release|Any CPU
		{D4924D98-C92E-4590-BB0E-1BA73F82B208}.Release|ARM.ActiveCfg = Release|Any CPU
		{D4924D98-C92E-4590-BB0E-1BA73F82B208}.Release|ARM.Build.0 = Release|Any CPU
		{D4924D98-C92E-4590-BB0E-1BA73F82B208}.Release|ARM64.ActiveCfg = Release|Any CPU
		{D4924D98-C92E-4590-BB0E-1BA73F82B208}.Release|ARM64.Build.0 = Release|Any CPU
		{D4924D98-C92E-4590-BB0E-1BA73F82B208}.Release|x64.ActiveCfg = Release|Any CPU
		{D4924D98-C92E-4590-BB0E-1BA73F82B208}.Release|x64.Build.0 = Release|Any CPU
		{D4924D98-C92E-4590-BB0E-1BA73F82B208}.Release|x86.ActiveCfg = Release|Any CPU
		{D4924D98-C92E-4590-BB0E-1BA73F82B208}.Release|x86.Build.0 = Release|Any CPU
		{BFCD29C9-A035-415B-A186-B49A63AE288C}.Debug|Any CPU.ActiveCfg = Debug|Any CPU
		{BFCD29C9-A035-415B-A186-B49A63AE288C}.Debug|Any CPU.Build.0 = Debug|Any CPU
		{BFCD29C9-A035-415B-A186-B49A63AE288C}.Debug|ARM.ActiveCfg = Debug|Any CPU
		{BFCD29C9-A035-415B-A186-B49A63AE288C}.Debug|ARM.Build.0 = Debug|Any CPU
		{BFCD29C9-A035-415B-A186-B49A63AE288C}.Debug|ARM64.ActiveCfg = Debug|Any CPU
		{BFCD29C9-A035-415B-A186-B49A63AE288C}.Debug|ARM64.Build.0 = Debug|Any CPU
		{BFCD29C9-A035-415B-A186-B49A63AE288C}.Debug|x64.ActiveCfg = Debug|Any CPU
		{BFCD29C9-A035-415B-A186-B49A63AE288C}.Debug|x64.Build.0 = Debug|Any CPU
		{BFCD29C9-A035-415B-A186-B49A63AE288C}.Debug|x86.ActiveCfg = Debug|Any CPU
		{BFCD29C9-A035-415B-A186-B49A63AE288C}.Debug|x86.Build.0 = Debug|Any CPU
		{BFCD29C9-A035-415B-A186-B49A63AE288C}.Release|Any CPU.ActiveCfg = Release|Any CPU
		{BFCD29C9-A035-415B-A186-B49A63AE288C}.Release|Any CPU.Build.0 = Release|Any CPU
		{BFCD29C9-A035-415B-A186-B49A63AE288C}.Release|ARM.ActiveCfg = Release|Any CPU
		{BFCD29C9-A035-415B-A186-B49A63AE288C}.Release|ARM.Build.0 = Release|Any CPU
		{BFCD29C9-A035-415B-A186-B49A63AE288C}.Release|ARM64.ActiveCfg = Release|Any CPU
		{BFCD29C9-A035-415B-A186-B49A63AE288C}.Release|ARM64.Build.0 = Release|Any CPU
		{BFCD29C9-A035-415B-A186-B49A63AE288C}.Release|x64.ActiveCfg = Release|Any CPU
		{BFCD29C9-A035-415B-A186-B49A63AE288C}.Release|x64.Build.0 = Release|Any CPU
		{BFCD29C9-A035-415B-A186-B49A63AE288C}.Release|x86.ActiveCfg = Release|Any CPU
		{BFCD29C9-A035-415B-A186-B49A63AE288C}.Release|x86.Build.0 = Release|Any CPU
	EndGlobalSection
	GlobalSection(SolutionProperties) = preSolution
		HideSolutionNode = FALSE
	EndGlobalSection
	GlobalSection(ExtensibilityGlobals) = postSolution
		SolutionGuid = {A483E683-DBD2-477E-8FA6-9E9F199F41CF}
	EndGlobalSection
EndGlobal
